
Microsoft Visual Studio Solution File, Format Version 12.00
# Visual Studio Version 17
VisualStudioVersion = 17.0.32014.148
MinimumVisualStudioVersion = 10.0.40219.1
Project("{FAE04EC0-301F-11D3-BF4B-00C04F79EFBC}") = "Kalkulačka v3", "Kalkulačka v3\Kalkulačka v3.csproj", "{412177FF-449A-409B-8EC5-5C4AFC081DC9}"
EndProject
Global
	GlobalSection(SolutionConfigurationPlatforms) = preSolution
		Debug|Any CPU = Debug|Any CPU
		Release|Any CPU = Release|Any CPU
	EndGlobalSection
	GlobalSection(ProjectConfigurationPlatforms) = postSolution
		{412177FF-449A-409B-8EC5-5C4AFC081DC9}.Debug|Any CPU.ActiveCfg = Debug|Any CPU
		{412177FF-449A-409B-8EC5-5C4AFC081DC9}.Debug|Any CPU.Build.0 = Debug|Any CPU
		{412177FF-449A-409B-8EC5-5C4AFC081DC9}.Release|Any CPU.ActiveCfg = Release|Any CPU
		{412177FF-449A-409B-8EC5-5C4AFC081DC9}.Release|Any CPU.Build.0 = Release|Any CPU
	EndGlobalSection
	GlobalSection(SolutionProperties) = preSolution
		HideSolutionNode = FALSE
	EndGlobalSection
	GlobalSection(ExtensibilityGlobals) = postSolution
		SolutionGuid = {321F752E-71B5-4B79-B455-2E4D59DCABD4}
	EndGlobalSection
EndGlobal
